
Microsoft Visual Studio Solution File, Format Version 12.00
# Visual Studio Version 17
VisualStudioVersion = 17.7.34031.279
MinimumVisualStudioVersion = 10.0.40219.1
Project("{888888A0-9F3D-457C-B088-3A5042F75D52}") = "ValorbornARPG_v2", "ValorbornARPG_v2\ValorbornARPG_v2.pyproj", "{28A7E61E-B1DC-4EA7-8575-7E62447594A9}"
EndProject
Global
	GlobalSection(SolutionConfigurationPlatforms) = preSolution
		Debug|Any CPU = Debug|Any CPU
		Release|Any CPU = Release|Any CPU
	EndGlobalSection
	GlobalSection(ProjectConfigurationPlatforms) = postSolution
		{28A7E61E-B1DC-4EA7-8575-7E62447594A9}.Debug|Any CPU.ActiveCfg = Debug|Any CPU
		{28A7E61E-B1DC-4EA7-8575-7E62447594A9}.Release|Any CPU.ActiveCfg = Release|Any CPU
	EndGlobalSection
	GlobalSection(SolutionProperties) = preSolution
		HideSolutionNode = FALSE
	EndGlobalSection
	GlobalSection(ExtensibilityGlobals) = postSolution
		SolutionGuid = {B3DF5FA5-D161-47AD-AA46-AB869B715447}
	EndGlobalSection
EndGlobal
